// !$*UTF8*$!
{
	archiveVersion = 1;
	classes = {
	};
	objectVersion = 51;
	objects = {

/* Begin PBXBuildFile section */
		12BA46E6A30C28FF3DE4BA4F /* Pods_CleanProjectTests.framework in Frameworks */ = {isa = PBXBuildFile; fileRef = 3C337385977C2F0C737E334B /* Pods_CleanProjectTests.framework */; };
		5107972925A6FDDA00E55001 /* DeliveryListSectionController.swift in Sources */ = {isa = PBXBuildFile; fileRef = 5107972825A6FDDA00E55001 /* DeliveryListSectionController.swift */; };
		51EFC63B25A6D7F90076C7C1 /* CoreDeliveryRepository.swift in Sources */ = {isa = PBXBuildFile; fileRef = 51EFC63225A6D7F90076C7C1 /* CoreDeliveryRepository.swift */; };
		51EFC63C25A6D7F90076C7C1 /* DeliveryRepository.swift in Sources */ = {isa = PBXBuildFile; fileRef = 51EFC63325A6D7F90076C7C1 /* DeliveryRepository.swift */; };
		51EFC63E25A6D7F90076C7C1 /* DeliveryServiceAPI.swift in Sources */ = {isa = PBXBuildFile; fileRef = 51EFC63725A6D7F90076C7C1 /* DeliveryServiceAPI.swift */; };
		51EFC64625A6D8220076C7C1 /* DeliveryParam.swift in Sources */ = {isa = PBXBuildFile; fileRef = 51EFC64525A6D8220076C7C1 /* DeliveryParam.swift */; };
		51EFC65425A6DC650076C7C1 /* Delivery.swift in Sources */ = {isa = PBXBuildFile; fileRef = 51EFC65325A6DC650076C7C1 /* Delivery.swift */; };
		51EFC65D25A6E3B70076C7C1 /* LoadDeliveryUseCase.swift in Sources */ = {isa = PBXBuildFile; fileRef = 51EFC65C25A6E3B70076C7C1 /* LoadDeliveryUseCase.swift */; };
		51EFC66825A6E5280076C7C1 /* DeliveryListViewController.swift in Sources */ = {isa = PBXBuildFile; fileRef = 51EFC66725A6E5280076C7C1 /* DeliveryListViewController.swift */; };
		51EFC67325A6E5520076C7C1 /* DeliveryListViewController+UI.swift in Sources */ = {isa = PBXBuildFile; fileRef = 51EFC67225A6E5520076C7C1 /* DeliveryListViewController+UI.swift */; };
		51EFC67B25A6E5940076C7C1 /* data.json in Resources */ = {isa = PBXBuildFile; fileRef = 51EFC67A25A6E5940076C7C1 /* data.json */; };
		51EFC68025A6E6860076C7C1 /* DeliveryDetailCell.swift in Sources */ = {isa = PBXBuildFile; fileRef = 51EFC67F25A6E6860076C7C1 /* DeliveryDetailCell.swift */; };
		51EFC68525A6E6950076C7C1 /* DeliveryDetailCell+UI.swift in Sources */ = {isa = PBXBuildFile; fileRef = 51EFC68425A6E6950076C7C1 /* DeliveryDetailCell+UI.swift */; };
		51EFC68A25A6E6D20076C7C1 /* DeliveryListAdapter.swift in Sources */ = {isa = PBXBuildFile; fileRef = 51EFC68925A6E6D20076C7C1 /* DeliveryListAdapter.swift */; };
		51EFC69025A6E9C70076C7C1 /* Diffable.swift in Sources */ = {isa = PBXBuildFile; fileRef = 51EFC68F25A6E9C70076C7C1 /* Diffable.swift */; };
		51F4517225A6C7AA009F62D8 /* AppDelegate.swift in Sources */ = {isa = PBXBuildFile; fileRef = 51F4517125A6C7AA009F62D8 /* AppDelegate.swift */; };
		51F4517425A6C7AA009F62D8 /* SceneDelegate.swift in Sources */ = {isa = PBXBuildFile; fileRef = 51F4517325A6C7AA009F62D8 /* SceneDelegate.swift */; };
		51F4517925A6C7AA009F62D8 /* Main.storyboard in Resources */ = {isa = PBXBuildFile; fileRef = 51F4517725A6C7AA009F62D8 /* Main.storyboard */; };
		51F4517B25A6C7AC009F62D8 /* Assets.xcassets in Resources */ = {isa = PBXBuildFile; fileRef = 51F4517A25A6C7AC009F62D8 /* Assets.xcassets */; };
		51F4517E25A6C7AC009F62D8 /* LaunchScreen.storyboard in Resources */ = {isa = PBXBuildFile; fileRef = 51F4517C25A6C7AC009F62D8 /* LaunchScreen.storyboard */; };
		51F4518925A6C7AC009F62D8 /* CleanProjectTests.swift in Sources */ = {isa = PBXBuildFile; fileRef = 51F4518825A6C7AC009F62D8 /* CleanProjectTests.swift */; };
		51F4519425A6C7AC009F62D8 /* CleanProjectUITests.swift in Sources */ = {isa = PBXBuildFile; fileRef = 51F4519325A6C7AC009F62D8 /* CleanProjectUITests.swift */; };
		C8D70320E0E43D411C8D206A /* Pods_CleanProject.framework in Frameworks */ = {isa = PBXBuildFile; fileRef = 03F8DFB50CB304964EF8D227 /* Pods_CleanProject.framework */; };
		CDF4B4ABA88257F6E3B498FD /* Pods_CleanProject_CleanProjectUITests.framework in Frameworks */ = {isa = PBXBuildFile; fileRef = F77A41985573B29C9F3B0812 /* Pods_CleanProject_CleanProjectUITests.framework */; };
/* End PBXBuildFile section */

/* Begin PBXContainerItemProxy section */
		51F4518525A6C7AC009F62D8 /* PBXContainerItemProxy */ = {
			isa = PBXContainerItemProxy;
			containerPortal = 51F4516625A6C7AA009F62D8 /* Project object */;
			proxyType = 1;
			remoteGlobalIDString = 51F4516D25A6C7AA009F62D8;
			remoteInfo = CleanProject;
		};
		51F4519025A6C7AC009F62D8 /* PBXContainerItemProxy */ = {
			isa = PBXContainerItemProxy;
			containerPortal = 51F4516625A6C7AA009F62D8 /* Project object */;
			proxyType = 1;
			remoteGlobalIDString = 51F4516D25A6C7AA009F62D8;
			remoteInfo = CleanProject;
		};
/* End PBXContainerItemProxy section */

/* Begin PBXFileReference section */
		03F8DFB50CB304964EF8D227 /* Pods_CleanProject.framework */ = {isa = PBXFileReference; explicitFileType = wrapper.framework; includeInIndex = 0; path = Pods_CleanProject.framework; sourceTree = BUILT_PRODUCTS_DIR; };
		1422770F3E014DEFF92BBD76 /* Pods-CleanProject-CleanProjectUITests.debug.xcconfig */ = {isa = PBXFileReference; includeInIndex = 1; lastKnownFileType = text.xcconfig; name = "Pods-CleanProject-CleanProjectUITests.debug.xcconfig"; path = "Target Support Files/Pods-CleanProject-CleanProjectUITests/Pods-CleanProject-CleanProjectUITests.debug.xcconfig"; sourceTree = "<group>"; };
		3C337385977C2F0C737E334B /* Pods_CleanProjectTests.framework */ = {isa = PBXFileReference; explicitFileType = wrapper.framework; includeInIndex = 0; path = Pods_CleanProjectTests.framework; sourceTree = BUILT_PRODUCTS_DIR; };
		498019D5EBA448ABA7595DFF /* Pods-CleanProject-CleanProjectUITests.release.xcconfig */ = {isa = PBXFileReference; includeInIndex = 1; lastKnownFileType = text.xcconfig; name = "Pods-CleanProject-CleanProjectUITests.release.xcconfig"; path = "Target Support Files/Pods-CleanProject-CleanProjectUITests/Pods-CleanProject-CleanProjectUITests.release.xcconfig"; sourceTree = "<group>"; };
		5107972825A6FDDA00E55001 /* DeliveryListSectionController.swift */ = {isa = PBXFileReference; lastKnownFileType = sourcecode.swift; path = DeliveryListSectionController.swift; sourceTree = "<group>"; };
		51EFC63225A6D7F90076C7C1 /* CoreDeliveryRepository.swift */ = {isa = PBXFileReference; fileEncoding = 4; lastKnownFileType = sourcecode.swift; path = CoreDeliveryRepository.swift; sourceTree = "<group>"; };
		51EFC63325A6D7F90076C7C1 /* DeliveryRepository.swift */ = {isa = PBXFileReference; fileEncoding = 4; lastKnownFileType = sourcecode.swift; path = DeliveryRepository.swift; sourceTree = "<group>"; };
		51EFC63725A6D7F90076C7C1 /* DeliveryServiceAPI.swift */ = {isa = PBXFileReference; fileEncoding = 4; lastKnownFileType = sourcecode.swift; path = DeliveryServiceAPI.swift; sourceTree = "<group>"; };
		51EFC64525A6D8220076C7C1 /* DeliveryParam.swift */ = {isa = PBXFileReference; lastKnownFileType = sourcecode.swift; path = DeliveryParam.swift; sourceTree = "<group>"; };
		51EFC65325A6DC650076C7C1 /* Delivery.swift */ = {isa = PBXFileReference; lastKnownFileType = sourcecode.swift; path = Delivery.swift; sourceTree = "<group>"; };
		51EFC65C25A6E3B70076C7C1 /* LoadDeliveryUseCase.swift */ = {isa = PBXFileReference; lastKnownFileType = sourcecode.swift; path = LoadDeliveryUseCase.swift; sourceTree = "<group>"; };
		51EFC66725A6E5280076C7C1 /* DeliveryListViewController.swift */ = {isa = PBXFileReference; lastKnownFileType = sourcecode.swift; name = DeliveryListViewController.swift; path = CleanProject/Source/Presenter/Interface/DeliveryListViewController.swift; sourceTree = SOURCE_ROOT; };
		51EFC67225A6E5520076C7C1 /* DeliveryListViewController+UI.swift */ = {isa = PBXFileReference; lastKnownFileType = sourcecode.swift; path = "DeliveryListViewController+UI.swift"; sourceTree = "<group>"; };
		51EFC67A25A6E5940076C7C1 /* data.json */ = {isa = PBXFileReference; fileEncoding = 4; lastKnownFileType = text.json; path = data.json; sourceTree = "<group>"; };
		51EFC67F25A6E6860076C7C1 /* DeliveryDetailCell.swift */ = {isa = PBXFileReference; lastKnownFileType = sourcecode.swift; path = DeliveryDetailCell.swift; sourceTree = "<group>"; };
		51EFC68425A6E6950076C7C1 /* DeliveryDetailCell+UI.swift */ = {isa = PBXFileReference; lastKnownFileType = sourcecode.swift; path = "DeliveryDetailCell+UI.swift"; sourceTree = "<group>"; };
		51EFC68925A6E6D20076C7C1 /* DeliveryListAdapter.swift */ = {isa = PBXFileReference; lastKnownFileType = sourcecode.swift; path = DeliveryListAdapter.swift; sourceTree = "<group>"; };
		51EFC68F25A6E9C70076C7C1 /* Diffable.swift */ = {isa = PBXFileReference; lastKnownFileType = sourcecode.swift; path = Diffable.swift; sourceTree = "<group>"; };
		51F4516E25A6C7AA009F62D8 /* CleanProject.app */ = {isa = PBXFileReference; explicitFileType = wrapper.application; includeInIndex = 0; path = CleanProject.app; sourceTree = BUILT_PRODUCTS_DIR; };
		51F4517125A6C7AA009F62D8 /* AppDelegate.swift */ = {isa = PBXFileReference; lastKnownFileType = sourcecode.swift; path = AppDelegate.swift; sourceTree = "<group>"; };
		51F4517325A6C7AA009F62D8 /* SceneDelegate.swift */ = {isa = PBXFileReference; lastKnownFileType = sourcecode.swift; path = SceneDelegate.swift; sourceTree = "<group>"; };
		51F4517825A6C7AA009F62D8 /* Base */ = {isa = PBXFileReference; lastKnownFileType = file.storyboard; name = Base; path = Base.lproj/Main.storyboard; sourceTree = "<group>"; };
		51F4517A25A6C7AC009F62D8 /* Assets.xcassets */ = {isa = PBXFileReference; lastKnownFileType = folder.assetcatalog; path = Assets.xcassets; sourceTree = "<group>"; };
		51F4517D25A6C7AC009F62D8 /* Base */ = {isa = PBXFileReference; lastKnownFileType = file.storyboard; name = Base; path = Base.lproj/LaunchScreen.storyboard; sourceTree = "<group>"; };
		51F4517F25A6C7AC009F62D8 /* Info.plist */ = {isa = PBXFileReference; lastKnownFileType = text.plist.xml; path = Info.plist; sourceTree = "<group>"; };
		51F4518425A6C7AC009F62D8 /* CleanProjectTests.xctest */ = {isa = PBXFileReference; explicitFileType = wrapper.cfbundle; includeInIndex = 0; path = CleanProjectTests.xctest; sourceTree = BUILT_PRODUCTS_DIR; };
		51F4518825A6C7AC009F62D8 /* CleanProjectTests.swift */ = {isa = PBXFileReference; lastKnownFileType = sourcecode.swift; path = CleanProjectTests.swift; sourceTree = "<group>"; };
		51F4518A25A6C7AC009F62D8 /* Info.plist */ = {isa = PBXFileReference; lastKnownFileType = text.plist.xml; path = Info.plist; sourceTree = "<group>"; };
		51F4518F25A6C7AC009F62D8 /* CleanProjectUITests.xctest */ = {isa = PBXFileReference; explicitFileType = wrapper.cfbundle; includeInIndex = 0; path = CleanProjectUITests.xctest; sourceTree = BUILT_PRODUCTS_DIR; };
		51F4519325A6C7AC009F62D8 /* CleanProjectUITests.swift */ = {isa = PBXFileReference; lastKnownFileType = sourcecode.swift; path = CleanProjectUITests.swift; sourceTree = "<group>"; };
		51F4519525A6C7AC009F62D8 /* Info.plist */ = {isa = PBXFileReference; lastKnownFileType = text.plist.xml; path = Info.plist; sourceTree = "<group>"; };
		53D0F29A8E802FAB47E80B58 /* Pods-CleanProject.release.xcconfig */ = {isa = PBXFileReference; includeInIndex = 1; lastKnownFileType = text.xcconfig; name = "Pods-CleanProject.release.xcconfig"; path = "Target Support Files/Pods-CleanProject/Pods-CleanProject.release.xcconfig"; sourceTree = "<group>"; };
		792599B5CD9651AC7D687F32 /* Pods-CleanProject.debug.xcconfig */ = {isa = PBXFileReference; includeInIndex = 1; lastKnownFileType = text.xcconfig; name = "Pods-CleanProject.debug.xcconfig"; path = "Target Support Files/Pods-CleanProject/Pods-CleanProject.debug.xcconfig"; sourceTree = "<group>"; };
		AC4E014D696EC3C4C60ED0E7 /* Pods-CleanProjectTests.debug.xcconfig */ = {isa = PBXFileReference; includeInIndex = 1; lastKnownFileType = text.xcconfig; name = "Pods-CleanProjectTests.debug.xcconfig"; path = "Target Support Files/Pods-CleanProjectTests/Pods-CleanProjectTests.debug.xcconfig"; sourceTree = "<group>"; };
		EDF1C939370437530B8D6CA9 /* Pods-CleanProjectTests.release.xcconfig */ = {isa = PBXFileReference; includeInIndex = 1; lastKnownFileType = text.xcconfig; name = "Pods-CleanProjectTests.release.xcconfig"; path = "Target Support Files/Pods-CleanProjectTests/Pods-CleanProjectTests.release.xcconfig"; sourceTree = "<group>"; };
		F77A41985573B29C9F3B0812 /* Pods_CleanProject_CleanProjectUITests.framework */ = {isa = PBXFileReference; explicitFileType = wrapper.framework; includeInIndex = 0; path = Pods_CleanProject_CleanProjectUITests.framework; sourceTree = BUILT_PRODUCTS_DIR; };
/* End PBXFileReference section */

/* Begin PBXFrameworksBuildPhase section */
		51F4516B25A6C7AA009F62D8 /* Frameworks */ = {
			isa = PBXFrameworksBuildPhase;
			buildActionMask = 2147483647;
			files = (
				C8D70320E0E43D411C8D206A /* Pods_CleanProject.framework in Frameworks */,
			);
			runOnlyForDeploymentPostprocessing = 0;
		};
		51F4518125A6C7AC009F62D8 /* Frameworks */ = {
			isa = PBXFrameworksBuildPhase;
			buildActionMask = 2147483647;
			files = (
				12BA46E6A30C28FF3DE4BA4F /* Pods_CleanProjectTests.framework in Frameworks */,
			);
			runOnlyForDeploymentPostprocessing = 0;
		};
		51F4518C25A6C7AC009F62D8 /* Frameworks */ = {
			isa = PBXFrameworksBuildPhase;
			buildActionMask = 2147483647;
			files = (
				CDF4B4ABA88257F6E3B498FD /* Pods_CleanProject_CleanProjectUITests.framework in Frameworks */,
			);
			runOnlyForDeploymentPostprocessing = 0;
		};
/* End PBXFrameworksBuildPhase section */

/* Begin PBXGroup section */
		49D17CCA6037CE191FC12265 /* Frameworks */ = {
			isa = PBXGroup;
			children = (
				03F8DFB50CB304964EF8D227 /* Pods_CleanProject.framework */,
				F77A41985573B29C9F3B0812 /* Pods_CleanProject_CleanProjectUITests.framework */,
				3C337385977C2F0C737E334B /* Pods_CleanProjectTests.framework */,
			);
			name = Frameworks;
			sourceTree = "<group>";
		};
		51EFC62825A6D7F90076C7C1 /* Source */ = {
			isa = PBXGroup;
			children = (
				51EFC63025A6D7F90076C7C1 /* Data */,
				51EFC65B25A6E2930076C7C1 /* Domain */,
				51EFC66425A6E49C0076C7C1 /* Presenter */,
			);
			path = Source;
			sourceTree = "<group>";
		};
		51EFC63025A6D7F90076C7C1 /* Data */ = {
			isa = PBXGroup;
			children = (
				51EFC63125A6D7F90076C7C1 /* Repositories */,
				51EFC63425A6D7F90076C7C1 /* Models */,
				51EFC63625A6D7F90076C7C1 /* Services */,
			);
			path = Data;
			sourceTree = "<group>";
		};
		51EFC63125A6D7F90076C7C1 /* Repositories */ = {
			isa = PBXGroup;
			children = (
				51EFC63325A6D7F90076C7C1 /* DeliveryRepository.swift */,
				51EFC63225A6D7F90076C7C1 /* CoreDeliveryRepository.swift */,
			);
			path = Repositories;
			sourceTree = "<group>";
		};
		51EFC63425A6D7F90076C7C1 /* Models */ = {
			isa = PBXGroup;
			children = (
				51EFC65325A6DC650076C7C1 /* Delivery.swift */,
				51EFC64525A6D8220076C7C1 /* DeliveryParam.swift */,
			);
			path = Models;
			sourceTree = "<group>";
		};
		51EFC63625A6D7F90076C7C1 /* Services */ = {
			isa = PBXGroup;
			children = (
				51EFC63725A6D7F90076C7C1 /* DeliveryServiceAPI.swift */,
			);
			path = Services;
			sourceTree = "<group>";
		};
		51EFC65B25A6E2930076C7C1 /* Domain */ = {
			isa = PBXGroup;
			children = (
				51EFC65C25A6E3B70076C7C1 /* LoadDeliveryUseCase.swift */,
			);
			path = Domain;
			sourceTree = "<group>";
		};
		51EFC66425A6E49C0076C7C1 /* Presenter */ = {
			isa = PBXGroup;
			children = (
				51EFC66525A6E4C30076C7C1 /* Interface */,
			);
			path = Presenter;
			sourceTree = "<group>";
		};
		51EFC66525A6E4C30076C7C1 /* Interface */ = {
			isa = PBXGroup;
			children = (
				51EFC66725A6E5280076C7C1 /* DeliveryListViewController.swift */,
				51EFC67225A6E5520076C7C1 /* DeliveryListViewController+UI.swift */,
				51EFC68925A6E6D20076C7C1 /* DeliveryListAdapter.swift */,
				5107972825A6FDDA00E55001 /* DeliveryListSectionController.swift */,
				51EFC66625A6E4F90076C7C1 /* View */,
			);
			path = Interface;
			sourceTree = "<group>";
		};
		51EFC66625A6E4F90076C7C1 /* View */ = {
			isa = PBXGroup;
			children = (
				51EFC67F25A6E6860076C7C1 /* DeliveryDetailCell.swift */,
				51EFC68425A6E6950076C7C1 /* DeliveryDetailCell+UI.swift */,
			);
			path = View;
			sourceTree = "<group>";
		};
		51EFC68E25A6E9870076C7C1 /* Categories */ = {
			isa = PBXGroup;
			children = (
				51EFC68F25A6E9C70076C7C1 /* Diffable.swift */,
			);
			path = Categories;
			sourceTree = "<group>";
		};
		51F4516525A6C7AA009F62D8 = {
			isa = PBXGroup;
			children = (
				51F4517025A6C7AA009F62D8 /* CleanProject */,
				51F4518725A6C7AC009F62D8 /* CleanProjectTests */,
				51F4519225A6C7AC009F62D8 /* CleanProjectUITests */,
				51F4516F25A6C7AA009F62D8 /* Products */,
				DA4B119AE36F9AB504642E62 /* Pods */,
				49D17CCA6037CE191FC12265 /* Frameworks */,
			);
			sourceTree = "<group>";
		};
		51F4516F25A6C7AA009F62D8 /* Products */ = {
			isa = PBXGroup;
			children = (
				51F4516E25A6C7AA009F62D8 /* CleanProject.app */,
				51F4518425A6C7AC009F62D8 /* CleanProjectTests.xctest */,
				51F4518F25A6C7AC009F62D8 /* CleanProjectUITests.xctest */,
			);
			name = Products;
			sourceTree = "<group>";
		};
		51F4517025A6C7AA009F62D8 /* CleanProject */ = {
			isa = PBXGroup;
			children = (
				51EFC62825A6D7F90076C7C1 /* Source */,
				51F451B625A6D53F009F62D8 /* AppDelegate */,
				51F4517F25A6C7AC009F62D8 /* Info.plist */,
			);
			path = CleanProject;
			sourceTree = "<group>";
		};
		51F4518725A6C7AC009F62D8 /* CleanProjectTests */ = {
			isa = PBXGroup;
			children = (
				51F4518825A6C7AC009F62D8 /* CleanProjectTests.swift */,
				51F4518A25A6C7AC009F62D8 /* Info.plist */,
			);
			path = CleanProjectTests;
			sourceTree = "<group>";
		};
		51F4519225A6C7AC009F62D8 /* CleanProjectUITests */ = {
			isa = PBXGroup;
			children = (
				51F4519325A6C7AC009F62D8 /* CleanProjectUITests.swift */,
				51F4519525A6C7AC009F62D8 /* Info.plist */,
			);
			path = CleanProjectUITests;
			sourceTree = "<group>";
		};
		51F451B625A6D53F009F62D8 /* AppDelegate */ = {
			isa = PBXGroup;
			children = (
				51EFC68E25A6E9870076C7C1 /* Categories */,
				51EFC67A25A6E5940076C7C1 /* data.json */,
				51F4517125A6C7AA009F62D8 /* AppDelegate.swift */,
				51F4517325A6C7AA009F62D8 /* SceneDelegate.swift */,
				51F4517725A6C7AA009F62D8 /* Main.storyboard */,
				51F4517C25A6C7AC009F62D8 /* LaunchScreen.storyboard */,
				51F4517A25A6C7AC009F62D8 /* Assets.xcassets */,
			);
			path = AppDelegate;
			sourceTree = "<group>";
		};
		DA4B119AE36F9AB504642E62 /* Pods */ = {
			isa = PBXGroup;
			children = (
				792599B5CD9651AC7D687F32 /* Pods-CleanProject.debug.xcconfig */,
				53D0F29A8E802FAB47E80B58 /* Pods-CleanProject.release.xcconfig */,
				1422770F3E014DEFF92BBD76 /* Pods-CleanProject-CleanProjectUITests.debug.xcconfig */,
				498019D5EBA448ABA7595DFF /* Pods-CleanProject-CleanProjectUITests.release.xcconfig */,
				AC4E014D696EC3C4C60ED0E7 /* Pods-CleanProjectTests.debug.xcconfig */,
				EDF1C939370437530B8D6CA9 /* Pods-CleanProjectTests.release.xcconfig */,
			);
			path = Pods;
			sourceTree = "<group>";
		};
/* End PBXGroup section */

/* Begin PBXNativeTarget section */
		51F4516D25A6C7AA009F62D8 /* CleanProject */ = {
			isa = PBXNativeTarget;
			buildConfigurationList = 51F4519825A6C7AC009F62D8 /* Build configuration list for PBXNativeTarget "CleanProject" */;
			buildPhases = (
				DB66AA5C1E9B09DD8503B0A1 /* [CP] Check Pods Manifest.lock */,
				51F4516A25A6C7AA009F62D8 /* Sources */,
				51F4516B25A6C7AA009F62D8 /* Frameworks */,
				51F4516C25A6C7AA009F62D8 /* Resources */,
				6A079E1B4F61568C511A86AA /* [CP] Embed Pods Frameworks */,
			);
			buildRules = (
			);
			dependencies = (
			);
			name = CleanProject;
			productName = CleanProject;
			productReference = 51F4516E25A6C7AA009F62D8 /* CleanProject.app */;
			productType = "com.apple.product-type.application";
		};
		51F4518325A6C7AC009F62D8 /* CleanProjectTests */ = {
			isa = PBXNativeTarget;
			buildConfigurationList = 51F4519B25A6C7AC009F62D8 /* Build configuration list for PBXNativeTarget "CleanProjectTests" */;
			buildPhases = (
				FE6F57938955D10EEF3EB289 /* [CP] Check Pods Manifest.lock */,
				51F4518025A6C7AC009F62D8 /* Sources */,
				51F4518125A6C7AC009F62D8 /* Frameworks */,
				51F4518225A6C7AC009F62D8 /* Resources */,
			);
			buildRules = (
			);
			dependencies = (
				51F4518625A6C7AC009F62D8 /* PBXTargetDependency */,
			);
			name = CleanProjectTests;
			productName = CleanProjectTests;
			productReference = 51F4518425A6C7AC009F62D8 /* CleanProjectTests.xctest */;
			productType = "com.apple.product-type.bundle.unit-test";
		};
		51F4518E25A6C7AC009F62D8 /* CleanProjectUITests */ = {
			isa = PBXNativeTarget;
			buildConfigurationList = 51F4519E25A6C7AC009F62D8 /* Build configuration list for PBXNativeTarget "CleanProjectUITests" */;
			buildPhases = (
				7F1765A3211D4418FFCB51C2 /* [CP] Check Pods Manifest.lock */,
				51F4518B25A6C7AC009F62D8 /* Sources */,
				51F4518C25A6C7AC009F62D8 /* Frameworks */,
				51F4518D25A6C7AC009F62D8 /* Resources */,
				97DD96743FA251B36790243A /* [CP] Embed Pods Frameworks */,
			);
			buildRules = (
			);
			dependencies = (
				51F4519125A6C7AC009F62D8 /* PBXTargetDependency */,
			);
			name = CleanProjectUITests;
			productName = CleanProjectUITests;
			productReference = 51F4518F25A6C7AC009F62D8 /* CleanProjectUITests.xctest */;
			productType = "com.apple.product-type.bundle.ui-testing";
		};
/* End PBXNativeTarget section */

/* Begin PBXProject section */
		51F4516625A6C7AA009F62D8 /* Project object */ = {
			isa = PBXProject;
			attributes = {
				LastSwiftUpdateCheck = 1210;
				LastUpgradeCheck = 1210;
				TargetAttributes = {
					51F4516D25A6C7AA009F62D8 = {
						CreatedOnToolsVersion = 12.1;
					};
					51F4518325A6C7AC009F62D8 = {
						CreatedOnToolsVersion = 12.1;
						TestTargetID = 51F4516D25A6C7AA009F62D8;
					};
					51F4518E25A6C7AC009F62D8 = {
						CreatedOnToolsVersion = 12.1;
						TestTargetID = 51F4516D25A6C7AA009F62D8;
					};
				};
			};
			buildConfigurationList = 51F4516925A6C7AA009F62D8 /* Build configuration list for PBXProject "CleanProject" */;
			compatibilityVersion = "Xcode 9.3";
			developmentRegion = en;
			hasScannedForEncodings = 0;
			knownRegions = (
				en,
				Base,
			);
			mainGroup = 51F4516525A6C7AA009F62D8;
			productRefGroup = 51F4516F25A6C7AA009F62D8 /* Products */;
			projectDirPath = "";
			projectRoot = "";
			targets = (
				51F4516D25A6C7AA009F62D8 /* CleanProject */,
				51F4518325A6C7AC009F62D8 /* CleanProjectTests */,
				51F4518E25A6C7AC009F62D8 /* CleanProjectUITests */,
			);
		};
/* End PBXProject section */

/* Begin PBXResourcesBuildPhase section */
		51F4516C25A6C7AA009F62D8 /* Resources */ = {
			isa = PBXResourcesBuildPhase;
			buildActionMask = 2147483647;
			files = (
				51F4517E25A6C7AC009F62D8 /* LaunchScreen.storyboard in Resources */,
				51F4517B25A6C7AC009F62D8 /* Assets.xcassets in Resources */,
				51F4517925A6C7AA009F62D8 /* Main.storyboard in Resources */,
				51EFC67B25A6E5940076C7C1 /* data.json in Resources */,
			);
			runOnlyForDeploymentPostprocessing = 0;
		};
		51F4518225A6C7AC009F62D8 /* Resources */ = {
			isa = PBXResourcesBuildPhase;
			buildActionMask = 2147483647;
			files = (
			);
			runOnlyForDeploymentPostprocessing = 0;
		};
		51F4518D25A6C7AC009F62D8 /* Resources */ = {
			isa = PBXResourcesBuildPhase;
			buildActionMask = 2147483647;
			files = (
			);
			runOnlyForDeploymentPostprocessing = 0;
		};
/* End PBXResourcesBuildPhase section */

/* Begin PBXShellScriptBuildPhase section */
		6A079E1B4F61568C511A86AA /* [CP] Embed Pods Frameworks */ = {
			isa = PBXShellScriptBuildPhase;
			buildActionMask = 2147483647;
			files = (
			);
			inputFileListPaths = (
				"${PODS_ROOT}/Target Support Files/Pods-CleanProject/Pods-CleanProject-frameworks-${CONFIGURATION}-input-files.xcfilelist",
			);
			name = "[CP] Embed Pods Frameworks";
			outputFileListPaths = (
				"${PODS_ROOT}/Target Support Files/Pods-CleanProject/Pods-CleanProject-frameworks-${CONFIGURATION}-output-files.xcfilelist",
			);
			runOnlyForDeploymentPostprocessing = 0;
			shellPath = /bin/sh;
			shellScript = "\"${PODS_ROOT}/Target Support Files/Pods-CleanProject/Pods-CleanProject-frameworks.sh\"\n";
			showEnvVarsInLog = 0;
		};
		7F1765A3211D4418FFCB51C2 /* [CP] Check Pods Manifest.lock */ = {
			isa = PBXShellScriptBuildPhase;
			buildActionMask = 2147483647;
			files = (
			);
			inputFileListPaths = (
			);
			inputPaths = (
				"${PODS_PODFILE_DIR_PATH}/Podfile.lock",
				"${PODS_ROOT}/Manifest.lock",
			);
			name = "[CP] Check Pods Manifest.lock";
			outputFileListPaths = (
			);
			outputPaths = (
				"$(DERIVED_FILE_DIR)/Pods-CleanProject-CleanProjectUITests-checkManifestLockResult.txt",
			);
			runOnlyForDeploymentPostprocessing = 0;
			shellPath = /bin/sh;
			shellScript = "diff \"${PODS_PODFILE_DIR_PATH}/Podfile.lock\" \"${PODS_ROOT}/Manifest.lock\" > /dev/null\nif [ $? != 0 ] ; then\n    # print error to STDERR\n    echo \"error: The sandbox is not in sync with the Podfile.lock. Run 'pod install' or update your CocoaPods installation.\" >&2\n    exit 1\nfi\n# This output is used by Xcode 'outputs' to avoid re-running this script phase.\necho \"SUCCESS\" > \"${SCRIPT_OUTPUT_FILE_0}\"\n";
			showEnvVarsInLog = 0;
		};
		97DD96743FA251B36790243A /* [CP] Embed Pods Frameworks */ = {
			isa = PBXShellScriptBuildPhase;
			buildActionMask = 2147483647;
			files = (
			);
			inputFileListPaths = (
				"${PODS_ROOT}/Target Support Files/Pods-CleanProject-CleanProjectUITests/Pods-CleanProject-CleanProjectUITests-frameworks-${CONFIGURATION}-input-files.xcfilelist",
			);
			name = "[CP] Embed Pods Frameworks";
			outputFileListPaths = (
				"${PODS_ROOT}/Target Support Files/Pods-CleanProject-CleanProjectUITests/Pods-CleanProject-CleanProjectUITests-frameworks-${CONFIGURATION}-output-files.xcfilelist",
			);
			runOnlyForDeploymentPostprocessing = 0;
			shellPath = /bin/sh;
			shellScript = "\"${PODS_ROOT}/Target Support Files/Pods-CleanProject-CleanProjectUITests/Pods-CleanProject-CleanProjectUITests-frameworks.sh\"\n";
			showEnvVarsInLog = 0;
		};
		DB66AA5C1E9B09DD8503B0A1 /* [CP] Check Pods Manifest.lock */ = {
			isa = PBXShellScriptBuildPhase;
			buildActionMask = 2147483647;
			files = (
			);
			inputFileListPaths = (
			);
			inputPaths = (
				"${PODS_PODFILE_DIR_PATH}/Podfile.lock",
				"${PODS_ROOT}/Manifest.lock",
			);
			name = "[CP] Check Pods Manifest.lock";
			outputFileListPaths = (
			);
			outputPaths = (
				"$(DERIVED_FILE_DIR)/Pods-CleanProject-checkManifestLockResult.txt",
			);
			runOnlyForDeploymentPostprocessing = 0;
			shellPath = /bin/sh;
			shellScript = "diff \"${PODS_PODFILE_DIR_PATH}/Podfile.lock\" \"${PODS_ROOT}/Manifest.lock\" > /dev/null\nif [ $? != 0 ] ; then\n    # print error to STDERR\n    echo \"error: The sandbox is not in sync with the Podfile.lock. Run 'pod install' or update your CocoaPods installation.\" >&2\n    exit 1\nfi\n# This output is used by Xcode 'outputs' to avoid re-running this script phase.\necho \"SUCCESS\" > \"${SCRIPT_OUTPUT_FILE_0}\"\n";
			showEnvVarsInLog = 0;
		};
		FE6F57938955D10EEF3EB289 /* [CP] Check Pods Manifest.lock */ = {
			isa = PBXShellScriptBuildPhase;
			buildActionMask = 2147483647;
			files = (
			);
			inputFileListPaths = (
			);
			inputPaths = (
				"${PODS_PODFILE_DIR_PATH}/Podfile.lock",
				"${PODS_ROOT}/Manifest.lock",
			);
			name = "[CP] Check Pods Manifest.lock";
			outputFileListPaths = (
			);
			outputPaths = (
				"$(DERIVED_FILE_DIR)/Pods-CleanProjectTests-checkManifestLockResult.txt",
			);
			runOnlyForDeploymentPostprocessing = 0;
			shellPath = /bin/sh;
			shellScript = "diff \"${PODS_PODFILE_DIR_PATH}/Podfile.lock\" \"${PODS_ROOT}/Manifest.lock\" > /dev/null\nif [ $? != 0 ] ; then\n    # print error to STDERR\n    echo \"error: The sandbox is not in sync with the Podfile.lock. Run 'pod install' or update your CocoaPods installation.\" >&2\n    exit 1\nfi\n# This output is used by Xcode 'outputs' to avoid re-running this script phase.\necho \"SUCCESS\" > \"${SCRIPT_OUTPUT_FILE_0}\"\n";
			showEnvVarsInLog = 0;
		};
/* End PBXShellScriptBuildPhase section */

/* Begin PBXSourcesBuildPhase section */
		51F4516A25A6C7AA009F62D8 /* Sources */ = {
			isa = PBXSourcesBuildPhase;
			buildActionMask = 2147483647;
			files = (
				51EFC69025A6E9C70076C7C1 /* Diffable.swift in Sources */,
				51EFC66825A6E5280076C7C1 /* DeliveryListViewController.swift in Sources */,
				51EFC68025A6E6860076C7C1 /* DeliveryDetailCell.swift in Sources */,
				51EFC63B25A6D7F90076C7C1 /* CoreDeliveryRepository.swift in Sources */,
				51EFC68525A6E6950076C7C1 /* DeliveryDetailCell+UI.swift in Sources */,
				51F4517225A6C7AA009F62D8 /* AppDelegate.swift in Sources */,
				51EFC65D25A6E3B70076C7C1 /* LoadDeliveryUseCase.swift in Sources */,
				51F4517425A6C7AA009F62D8 /* SceneDelegate.swift in Sources */,
				51EFC64625A6D8220076C7C1 /* DeliveryParam.swift in Sources */,
				51EFC65425A6DC650076C7C1 /* Delivery.swift in Sources */,
				51EFC63C25A6D7F90076C7C1 /* DeliveryRepository.swift in Sources */,
				51EFC67325A6E5520076C7C1 /* DeliveryListViewController+UI.swift in Sources */,
				51EFC63E25A6D7F90076C7C1 /* DeliveryServiceAPI.swift in Sources */,
				51EFC68A25A6E6D20076C7C1 /* DeliveryListAdapter.swift in Sources */,
				5107972925A6FDDA00E55001 /* DeliveryListSectionController.swift in Sources */,
			);
			runOnlyForDeploymentPostprocessing = 0;
		};
		51F4518025A6C7AC009F62D8 /* Sources */ = {
			isa = PBXSourcesBuildPhase;
			buildActionMask = 2147483647;
			files = (
				51F4518925A6C7AC009F62D8 /* CleanProjectTests.swift in Sources */,
			);
			runOnlyForDeploymentPostprocessing = 0;
		};
		51F4518B25A6C7AC009F62D8 /* Sources */ = {
			isa = PBXSourcesBuildPhase;
			buildActionMask = 2147483647;
			files = (
				51F4519425A6C7AC009F62D8 /* CleanProjectUITests.swift in Sources */,
			);
			runOnlyForDeploymentPostprocessing = 0;
		};
/* End PBXSourcesBuildPhase section */

/* Begin PBXTargetDependency section */
		51F4518625A6C7AC009F62D8 /* PBXTargetDependency */ = {
			isa = PBXTargetDependency;
			target = 51F4516D25A6C7AA009F62D8 /* CleanProject */;
			targetProxy = 51F4518525A6C7AC009F62D8 /* PBXContainerItemProxy */;
		};
		51F4519125A6C7AC009F62D8 /* PBXTargetDependency */ = {
			isa = PBXTargetDependency;
			target = 51F4516D25A6C7AA009F62D8 /* CleanProject */;
			targetProxy = 51F4519025A6C7AC009F62D8 /* PBXContainerItemProxy */;
		};
/* End PBXTargetDependency section */

/* Begin PBXVariantGroup section */
		51F4517725A6C7AA009F62D8 /* Main.storyboard */ = {
			isa = PBXVariantGroup;
			children = (
				51F4517825A6C7AA009F62D8 /* Base */,
			);
			name = Main.storyboard;
			sourceTree = "<group>";
		};
		51F4517C25A6C7AC009F62D8 /* LaunchScreen.storyboard */ = {
			isa = PBXVariantGroup;
			children = (
				51F4517D25A6C7AC009F62D8 /* Base */,
			);
			name = LaunchScreen.storyboard;
			sourceTree = "<group>";
		};
/* End PBXVariantGroup section */

/* Begin XCBuildConfiguration section */
		51F4519625A6C7AC009F62D8 /* Debug */ = {
			isa = XCBuildConfiguration;
			buildSettings = {
				ALWAYS_SEARCH_USER_PATHS = NO;
				CLANG_ANALYZER_NONNULL = YES;
				CLANG_ANALYZER_NUMBER_OBJECT_CONVERSION = YES_AGGRESSIVE;
				CLANG_CXX_LANGUAGE_STANDARD = "gnu++14";
				CLANG_CXX_LIBRARY = "libc++";
				CLANG_ENABLE_MODULES = YES;
				CLANG_ENABLE_OBJC_ARC = YES;
				CLANG_ENABLE_OBJC_WEAK = YES;
				CLANG_WARN_BLOCK_CAPTURE_AUTORELEASING = YES;
				CLANG_WARN_BOOL_CONVERSION = YES;
				CLANG_WARN_COMMA = YES;
				CLANG_WARN_CONSTANT_CONVERSION = YES;
				CLANG_WARN_DEPRECATED_OBJC_IMPLEMENTATIONS = YES;
				CLANG_WARN_DIRECT_OBJC_ISA_USAGE = YES_ERROR;
				CLANG_WARN_DOCUMENTATION_COMMENTS = YES;
				CLANG_WARN_EMPTY_BODY = YES;
				CLANG_WARN_ENUM_CONVERSION = YES;
				CLANG_WARN_INFINITE_RECURSION = YES;
				CLANG_WARN_INT_CONVERSION = YES;
				CLANG_WARN_NON_LITERAL_NULL_CONVERSION = YES;
				CLANG_WARN_OBJC_IMPLICIT_RETAIN_SELF = YES;
				CLANG_WARN_OBJC_LITERAL_CONVERSION = YES;
				CLANG_WARN_OBJC_ROOT_CLASS = YES_ERROR;
				CLANG_WARN_QUOTED_INCLUDE_IN_FRAMEWORK_HEADER = YES;
				CLANG_WARN_RANGE_LOOP_ANALYSIS = YES;
				CLANG_WARN_STRICT_PROTOTYPES = YES;
				CLANG_WARN_SUSPICIOUS_MOVE = YES;
				CLANG_WARN_UNGUARDED_AVAILABILITY = YES_AGGRESSIVE;
				CLANG_WARN_UNREACHABLE_CODE = YES;
				CLANG_WARN__DUPLICATE_METHOD_MATCH = YES;
				COPY_PHASE_STRIP = NO;
				DEBUG_INFORMATION_FORMAT = dwarf;
				ENABLE_STRICT_OBJC_MSGSEND = YES;
				ENABLE_TESTABILITY = YES;
				GCC_C_LANGUAGE_STANDARD = gnu11;
				GCC_DYNAMIC_NO_PIC = NO;
				GCC_NO_COMMON_BLOCKS = YES;
				GCC_OPTIMIZATION_LEVEL = 0;
				GCC_PREPROCESSOR_DEFINITIONS = (
					"DEBUG=1",
					"$(inherited)",
				);
				GCC_WARN_64_TO_32_BIT_CONVERSION = YES;
				GCC_WARN_ABOUT_RETURN_TYPE = YES_ERROR;
				GCC_WARN_UNDECLARED_SELECTOR = YES;
				GCC_WARN_UNINITIALIZED_AUTOS = YES_AGGRESSIVE;
				GCC_WARN_UNUSED_FUNCTION = YES;
				GCC_WARN_UNUSED_VARIABLE = YES;
				IPHONEOS_DEPLOYMENT_TARGET = 14.1;
				MTL_ENABLE_DEBUG_INFO = INCLUDE_SOURCE;
				MTL_FAST_MATH = YES;
				ONLY_ACTIVE_ARCH = YES;
				SDKROOT = iphoneos;
				SWIFT_ACTIVE_COMPILATION_CONDITIONS = DEBUG;
				SWIFT_OPTIMIZATION_LEVEL = "-Onone";
			};
			name = Debug;
		};
		51F4519725A6C7AC009F62D8 /* Release */ = {
			isa = XCBuildConfiguration;
			buildSettings = {
				ALWAYS_SEARCH_USER_PATHS = NO;
				CLANG_ANALYZER_NONNULL = YES;
				CLANG_ANALYZER_NUMBER_OBJECT_CONVERSION = YES_AGGRESSIVE;
				CLANG_CXX_LANGUAGE_STANDARD = "gnu++14";
				CLANG_CXX_LIBRARY = "libc++";
				CLANG_ENABLE_MODULES = YES;
				CLANG_ENABLE_OBJC_ARC = YES;
				CLANG_ENABLE_OBJC_WEAK = YES;
				CLANG_WARN_BLOCK_CAPTURE_AUTORELEASING = YES;
				CLANG_WARN_BOOL_CONVERSION = YES;
				CLANG_WARN_COMMA = YES;
				CLANG_WARN_CONSTANT_CONVERSION = YES;
				CLANG_WARN_DEPRECATED_OBJC_IMPLEMENTATIONS = YES;
				CLANG_WARN_DIRECT_OBJC_ISA_USAGE = YES_ERROR;
				CLANG_WARN_DOCUMENTATION_COMMENTS = YES;
				CLANG_WARN_EMPTY_BODY = YES;
				CLANG_WARN_ENUM_CONVERSION = YES;
				CLANG_WARN_INFINITE_RECURSION = YES;
				CLANG_WARN_INT_CONVERSION = YES;
				CLANG_WARN_NON_LITERAL_NULL_CONVERSION = YES;
				CLANG_WARN_OBJC_IMPLICIT_RETAIN_SELF = YES;
				CLANG_WARN_OBJC_LITERAL_CONVERSION = YES;
				CLANG_WARN_OBJC_ROOT_CLASS = YES_ERROR;
				CLANG_WARN_QUOTED_INCLUDE_IN_FRAMEWORK_HEADER = YES;
				CLANG_WARN_RANGE_LOOP_ANALYSIS = YES;
				CLANG_WARN_STRICT_PROTOTYPES = YES;
				CLANG_WARN_SUSPICIOUS_MOVE = YES;
				CLANG_WARN_UNGUARDED_AVAILABILITY = YES_AGGRESSIVE;
				CLANG_WARN_UNREACHABLE_CODE = YES;
				CLANG_WARN__DUPLICATE_METHOD_MATCH = YES;
				COPY_PHASE_STRIP = NO;
				DEBUG_INFORMATION_FORMAT = "dwarf-with-dsym";
				ENABLE_NS_ASSERTIONS = NO;
				ENABLE_STRICT_OBJC_MSGSEND = YES;
				GCC_C_LANGUAGE_STANDARD = gnu11;
				GCC_NO_COMMON_BLOCKS = YES;
				GCC_WARN_64_TO_32_BIT_CONVERSION = YES;
				GCC_WARN_ABOUT_RETURN_TYPE = YES_ERROR;
				GCC_WARN_UNDECLARED_SELECTOR = YES;
				GCC_WARN_UNINITIALIZED_AUTOS = YES_AGGRESSIVE;
				GCC_WARN_UNUSED_FUNCTION = YES;
				GCC_WARN_UNUSED_VARIABLE = YES;
				IPHONEOS_DEPLOYMENT_TARGET = 14.1;
				MTL_ENABLE_DEBUG_INFO = NO;
				MTL_FAST_MATH = YES;
				SDKROOT = iphoneos;
				SWIFT_COMPILATION_MODE = wholemodule;
				SWIFT_OPTIMIZATION_LEVEL = "-O";
				VALIDATE_PRODUCT = YES;
			};
			name = Release;
		};
		51F4519925A6C7AC009F62D8 /* Debug */ = {
			isa = XCBuildConfiguration;
			baseConfigurationReference = 792599B5CD9651AC7D687F32 /* Pods-CleanProject.debug.xcconfig */;
			buildSettings = {
				ASSETCATALOG_COMPILER_APPICON_NAME = AppIcon;
				ASSETCATALOG_COMPILER_GLOBAL_ACCENT_COLOR_NAME = AccentColor;
				CODE_SIGN_STYLE = Automatic;
				DEVELOPMENT_TEAM = UYBM4DV87M;
				INFOPLIST_FILE = CleanProject/Info.plist;
				LD_RUNPATH_SEARCH_PATHS = (
					"$(inherited)",
					"@executable_path/Frameworks",
				);
				PRODUCT_BUNDLE_IDENTIFIER = com.jpmanoza.CleanProject;
				PRODUCT_NAME = "$(TARGET_NAME)";
				SWIFT_VERSION = 5.0;
				TARGETED_DEVICE_FAMILY = "1,2";
			};
			name = Debug;
		};
		51F4519A25A6C7AC009F62D8 /* Release */ = {
			isa = XCBuildConfiguration;
			baseConfigurationReference = 53D0F29A8E802FAB47E80B58 /* Pods-CleanProject.release.xcconfig */;
			buildSettings = {
				ASSETCATALOG_COMPILER_APPICON_NAME = AppIcon;
				ASSETCATALOG_COMPILER_GLOBAL_ACCENT_COLOR_NAME = AccentColor;
				CODE_SIGN_STYLE = Automatic;
				DEVELOPMENT_TEAM = UYBM4DV87M;
				INFOPLIST_FILE = CleanProject/Info.plist;
				LD_RUNPATH_SEARCH_PATHS = (
					"$(inherited)",
					"@executable_path/Frameworks",
				);
				PRODUCT_BUNDLE_IDENTIFIER = com.jpmanoza.CleanProject;
				PRODUCT_NAME = "$(TARGET_NAME)";
				SWIFT_VERSION = 5.0;
				TARGETED_DEVICE_FAMILY = "1,2";
			};
			name = Release;
		};
		51F4519C25A6C7AC009F62D8 /* Debug */ = {
			isa = XCBuildConfiguration;
			baseConfigurationReference = AC4E014D696EC3C4C60ED0E7 /* Pods-CleanProjectTests.debug.xcconfig */;
			buildSettings = {
				ALWAYS_EMBED_SWIFT_STANDARD_LIBRARIES = YES;
				BUNDLE_LOADER = "$(TEST_HOST)";
				CODE_SIGN_STYLE = Automatic;
				DEVELOPMENT_TEAM = UYBM4DV87M;
				INFOPLIST_FILE = CleanProjectTests/Info.plist;
				IPHONEOS_DEPLOYMENT_TARGET = 14.1;
				LD_RUNPATH_SEARCH_PATHS = (
					"$(inherited)",
					"@executable_path/Frameworks",
					"@loader_path/Frameworks",
				);
				PRODUCT_BUNDLE_IDENTIFIER = com.jpmanoza.CleanProjectTests;
				PRODUCT_NAME = "$(TARGET_NAME)";
				SWIFT_VERSION = 5.0;
				TARGETED_DEVICE_FAMILY = "1,2";
				TEST_HOST = "$(BUILT_PRODUCTS_DIR)/CleanProject.app/CleanProject";
			};
			name = Debug;
		};
		51F4519D25A6C7AC009F62D8 /* Release */ = {
			isa = XCBuildConfiguration;
			baseConfigurationReference = EDF1C939370437530B8D6CA9 /* Pods-CleanProjectTests.release.xcconfig */;
			buildSettings = {
				ALWAYS_EMBED_SWIFT_STANDARD_LIBRARIES = YES;
				BUNDLE_LOADER = "$(TEST_HOST)";
				CODE_SIGN_STYLE = Automatic;
				DEVELOPMENT_TEAM = UYBM4DV87M;
				INFOPLIST_FILE = CleanProjectTests/Info.plist;
				IPHONEOS_DEPLOYMENT_TARGET = 14.1;
				LD_RUNPATH_SEARCH_PATHS = (
					"$(inherited)",
					"@executable_path/Frameworks",
					"@loader_path/Frameworks",
				);
				PRODUCT_BUNDLE_IDENTIFIER = com.jpmanoza.CleanProjectTests;
				PRODUCT_NAME = "$(TARGET_NAME)";
				SWIFT_VERSION = 5.0;
				TARGETED_DEVICE_FAMILY = "1,2";
				TEST_HOST = "$(BUILT_PRODUCTS_DIR)/CleanProject.app/CleanProject";
			};
			name = Release;
		};
		51F4519F25A6C7AC009F62D8 /* Debug */ = {
			isa = XCBuildConfiguration;
			baseConfigurationReference = 1422770F3E014DEFF92BBD76 /* Pods-CleanProject-CleanProjectUITests.debug.xcconfig */;
			buildSettings = {
				ALWAYS_EMBED_SWIFT_STANDARD_LIBRARIES = YES;
				CODE_SIGN_STYLE = Automatic;
				DEVELOPMENT_TEAM = UYBM4DV87M;
				INFOPLIST_FILE = CleanProjectUITests/Info.plist;
				LD_RUNPATH_SEARCH_PATHS = (
					"$(inherited)",
					"@executable_path/Frameworks",
					"@loader_path/Frameworks",
				);
				PRODUCT_BUNDLE_IDENTIFIER = com.jpmanoza.CleanProjectUITests;
				PRODUCT_NAME = "$(TARGET_NAME)";
				SWIFT_VERSION = 5.0;
				TARGETED_DEVICE_FAMILY = "1,2";
				TEST_TARGET_NAME = CleanProject;
			};
			name = Debug;
		};
		51F451A025A6C7AC009F62D8 /* Release */ = {
			isa = XCBuildConfiguration;
			baseConfigurationReference = 498019D5EBA448ABA7595DFF /* Pods-CleanProject-CleanProjectUITests.release.xcconfig */;
			buildSettings = {
				ALWAYS_EMBED_SWIFT_STANDARD_LIBRARIES = YES;
				CODE_SIGN_STYLE = Automatic;
				DEVELOPMENT_TEAM = UYBM4DV87M;
				INFOPLIST_FILE = CleanProjectUITests/Info.plist;
				LD_RUNPATH_SEARCH_PATHS = (
					"$(inherited)",
					"@executable_path/Frameworks",
					"@loader_path/Frameworks",
				);
				PRODUCT_BUNDLE_IDENTIFIER = com.jpmanoza.CleanProjectUITests;
				PRODUCT_NAME = "$(TARGET_NAME)";
				SWIFT_VERSION = 5.0;
				TARGETED_DEVICE_FAMILY = "1,2";
				TEST_TARGET_NAME = CleanProject;
			};
			name = Release;
		};
/* End XCBuildConfiguration section */

/* Begin XCConfigurationList section */
		51F4516925A6C7AA009F62D8 /* Build configuration list for PBXProject "CleanProject" */ = {
			isa = XCConfigurationList;
			buildConfigurations = (
				51F4519625A6C7AC009F62D8 /* Debug */,
				51F4519725A6C7AC009F62D8 /* Release */,
			);
			defaultConfigurationIsVisible = 0;
			defaultConfigurationName = Release;
		};
		51F4519825A6C7AC009F62D8 /* Build configuration list for PBXNativeTarget "CleanProject" */ = {
			isa = XCConfigurationList;
			buildConfigurations = (
				51F4519925A6C7AC009F62D8 /* Debug */,
				51F4519A25A6C7AC009F62D8 /* Release */,
			);
			defaultConfigurationIsVisible = 0;
			defaultConfigurationName = Release;
		};
		51F4519B25A6C7AC009F62D8 /* Build configuration list for PBXNativeTarget "CleanProjectTests" */ = {
			isa = XCConfigurationList;
			buildConfigurations = (
				51F4519C25A6C7AC009F62D8 /* Debug */,
				51F4519D25A6C7AC009F62D8 /* Release */,
			);
			defaultConfigurationIsVisible = 0;
			defaultConfigurationName = Release;
		};
		51F4519E25A6C7AC009F62D8 /* Build configuration list for PBXNativeTarget "CleanProjectUITests" */ = {
			isa = XCConfigurationList;
			buildConfigurations = (
				51F4519F25A6C7AC009F62D8 /* Debug */,
				51F451A025A6C7AC009F62D8 /* Release */,
			);
			defaultConfigurationIsVisible = 0;
			defaultConfigurationName = Release;
		};
/* End XCConfigurationList section */
	};
	rootObject = 51F4516625A6C7AA009F62D8 /* Project object */;
}
